
Microsoft Visual Studio Solution File, Format Version 12.00
# Visual Studio Version 16
VisualStudioVersion = 16.0.32228.343
MinimumVisualStudioVersion = 10.0.40219.1
Project("{2150E333-8FDC-42A3-9474-1A3956D46DE8}") = "Chapter02", "Chapter02", "{1200D032-69EF-4162-8670-E8CACA2FC444}"
EndProject
Project("{FAE04EC0-301F-11D3-BF4B-00C04F79EFBC}") = "DistanceConverter", "Chapter02\DistanceConverter\DistanceConverter.csproj", "{6397BC8D-58E6-4DBA-AAB1-BA1D7E49C24E}"
EndProject
Project("{FAE04EC0-301F-11D3-BF4B-00C04F79EFBC}") = "SalesCalculator", "Chapter02\SalesCalculator\SalesCalculator.csproj", "{E474ABF5-68F3-493A-8788-D6D1F8BA7452}"
EndProject
Project("{FAE04EC0-301F-11D3-BF4B-00C04F79EFBC}") = "Exercise", "Chapter02\Exercise\Exercise.csproj", "{C7C0F95D-B09F-4E87-B134-B4C63CC5D097}"
EndProject
Project("{FAE04EC0-301F-11D3-BF4B-00C04F79EFBC}") = "Exercise02", "Chapter02\Exercise02\Exercise02.csproj", "{2E5F02A1-392D-4F4B-8EF8-11AFFF2376EB}"
EndProject
Project("{FAE04EC0-301F-11D3-BF4B-00C04F79EFBC}") = "Exercise03", "Chapter02\Exercise03\Exercise03.csproj", "{4766AF05-ECF1-4060-835A-8BE792DAB0F9}"
EndProject
Project("{2150E333-8FDC-42A3-9474-1A3956D46DE8}") = "Chapter03", "Chapter03", "{283F5081-55CA-4FDC-A4DE-6F1F29D33A56}"
EndProject
Project("{FAE04EC0-301F-11D3-BF4B-00C04F79EFBC}") = "Section01", "Chapter03\Section01\Section01.csproj", "{30050EC3-0BD2-47D2-9AD7-A3B71292EFFF}"
EndProject
Project("{FAE04EC0-301F-11D3-BF4B-00C04F79EFBC}") = "Exercise01", "Chapter03\Exercise01\Exercise01.csproj", "{6C6E034F-48D8-49A2-9D49-003B709C5157}"
EndProject
Project("{FAE04EC0-301F-11D3-BF4B-00C04F79EFBC}") = "Section04", "Chapter03\Section04\Section04.csproj", "{2FF69FBC-224E-4CE1-99F9-1AED58BA0C42}"
EndProject
Project("{FAE04EC0-301F-11D3-BF4B-00C04F79EFBC}") = "Exercise02", "Chapter03\Exercise02\Exercise02.csproj", "{7F454D3E-76E1-4237-81BD-FC90B1358F84}"
EndProject
Project("{2150E333-8FDC-42A3-9474-1A3956D46DE8}") = "Chapter04", "Chapter04", "{3C59B493-3FDC-4DA4-A47E-2F5F1AB40EAB}"
EndProject
Project("{FAE04EC0-301F-11D3-BF4B-00C04F79EFBC}") = "Exercise01", "Chapter04\Exercise01\Exercise01.csproj", "{7F8BA252-5FE5-4EA9-A1D0-F04B3BB059B7}"
EndProject
Project("{FAE04EC0-301F-11D3-BF4B-00C04F79EFBC}") = "Exercise02", "Chapter04\Exercise02\Exercise02.csproj", "{282CCA05-D93D-4E3A-BE2D-73DEB177745F}"
EndProject
Project("{2150E333-8FDC-42A3-9474-1A3956D46DE8}") = "Chapter05", "Chapter05", "{276A3333-95D9-4F86-862E-E918D0F1FD8B}"
EndProject
Project("{FAE04EC0-301F-11D3-BF4B-00C04F79EFBC}") = "Exercise01", "Chapter05\Exercise01\Exercise01.csproj", "{C952741C-7CE0-4231-BC2D-A00E56595DF8}"
EndProject
Project("{FAE04EC0-301F-11D3-BF4B-00C04F79EFBC}") = "Exercise02", "Chapter05\Exercise02\Exercise02.csproj", "{B49C108C-7F9A-4CA6-8344-2FAC3AB961F8}"
EndProject
Project("{FAE04EC0-301F-11D3-BF4B-00C04F79EFBC}") = "Exercise03", "Chapter05\Exercise03\Exercise03.csproj", "{4F0E66BA-861D-42A9-A1F3-8B5DF89855D6}"
EndProject
Project("{FAE04EC0-301F-11D3-BF4B-00C04F79EFBC}") = "Exercise04", "Chapter05\Exercise04\Exercise04.csproj", "{6C589706-1E74-498C-957D-2400A6E593AD}"
EndProject
Project("{2150E333-8FDC-42A3-9474-1A3956D46DE8}") = "Chapter06", "Chapter06", "{B385C52B-1CB1-4073-A32A-A67D2DFAB056}"
EndProject
Project("{FAE04EC0-301F-11D3-BF4B-00C04F79EFBC}") = "Exercise01", "Chapter06\Exercise01\Exercise01.csproj", "{DB3A60A0-106E-497A-A353-D21BB630B063}"
EndProject
Project("{FAE04EC0-301F-11D3-BF4B-00C04F79EFBC}") = "Exercise02", "Chapter06\Exercise02\Exercise02.csproj", "{2905A487-2AEA-4C2F-B6C3-6548C8131B57}"
EndProject
Project("{2150E333-8FDC-42A3-9474-1A3956D46DE8}") = "FormAppSample", "FormAppSample", "{B2DBFE73-AFD6-4815-B23F-1BE85EFA2042}"
EndProject
Project("{FAE04EC0-301F-11D3-BF4B-00C04F79EFBC}") = "Sample0603", "FormAppSample\Sample0603\Sample0603.csproj", "{3EC14564-FA65-4967-B440-B561B10077F9}"
EndProject
Project("{FAE04EC0-301F-11D3-BF4B-00C04F79EFBC}") = "Sample0607", "FormAppSample\Sample0607\Sample0607.csproj", "{F64F2A41-0A0C-4D75-9ABF-D3DF8910A66B}"
EndProject
Project("{FAE04EC0-301F-11D3-BF4B-00C04F79EFBC}") = "NumberGame", "FormAppSample\NumberGame\NumberGame.csproj", "{1CB5CB4F-1D8B-4871-BF9D-9AA5979D0C6F}"
EndProject
Project("{FAE04EC0-301F-11D3-BF4B-00C04F79EFBC}") = "AddressBook", "FormAppSample\AddressBook\AddressBook.csproj", "{A7C2AB28-B499-4EA7-B1FF-4E36EEE15CD1}"
EndProject
Project("{2150E333-8FDC-42A3-9474-1A3956D46DE8}") = "Test202206", "Test202206", "{DE5D0F90-2A60-4279-8C4F-6735BB43A60C}"
EndProject
Project("{FAE04EC0-301F-11D3-BF4B-00C04F79EFBC}") = "Test01", "Test202206\TestProject\Test01\Test01.csproj", "{2BFACDC3-F44D-4199-8498-F5C3C4AC0335}"
EndProject
Project("{FAE04EC0-301F-11D3-BF4B-00C04F79EFBC}") = "Test02", "Test202206\TestProject\Test02\Test02.csproj", "{E461C0A8-8900-485C-B520-E929BA33F712}"
EndProject
Project("{2150E333-8FDC-42A3-9474-1A3956D46DE8}") = "Chapter11", "Chapter11", "{189E434B-1EA3-48DC-AE66-ADF87E2DC725}"
EndProject
Project("{FAE04EC0-301F-11D3-BF4B-00C04F79EFBC}") = "XmlSample", "Chapter11\XmlSample\XmlSample.csproj", "{D905B400-A552-4AE5-B694-03D9DAF9DB9E}"
EndProject
Project("{FAE04EC0-301F-11D3-BF4B-00C04F79EFBC}") = "RssReader", "Chapter11\RssReader\RssReader.csproj", "{E50A24BB-6555-4B39-8F21-14D47E628067}"
EndProject
Project("{FAE04EC0-301F-11D3-BF4B-00C04F79EFBC}") = "Exercise1", "Chapter11\Exercise1\Exercise1.csproj", "{B0C2D874-1FBA-4C5A-8680-FBA4DFB70867}"
EndProject
Project("{2150E333-8FDC-42A3-9474-1A3956D46DE8}") = "Chapter12", "Chapter12", "{96634229-E036-4D91-BD1F-815BA7AD6E86}"
EndProject
Project("{FAE04EC0-301F-11D3-BF4B-00C04F79EFBC}") = "Section01", "Chapter12\Section01\Section01.csproj", "{048036F5-A7B1-4B53-B861-7475E0F284E6}"
EndProject
Project("{FAE04EC0-301F-11D3-BF4B-00C04F79EFBC}") = "Section02", "Chapter12\Section02\Section02.csproj", "{1E0615BE-FEA4-48C0-A200-E6BE771CFB8D}"
EndProject
Project("{FAE04EC0-301F-11D3-BF4B-00C04F79EFBC}") = "Exercise01", "Chapter12\Exercise01\Exercise01.csproj", "{14A648E7-91CE-4C58-97BB-59C17D17A02A}"
EndProject
Project("{FAE04EC0-301F-11D3-BF4B-00C04F79EFBC}") = "Exercise02", "Chapter12\Exercise02\Exercise02.csproj", "{C23B1F39-605E-45FF-A8D6-9AF819912DA8}"
EndProject
Project("{2150E333-8FDC-42A3-9474-1A3956D46DE8}") = "CarReportSystem", "CarReportSystem", "{117E2CCA-5473-4D44-9CF7-6FF4C58C55E1}"
EndProject
Project("{FAE04EC0-301F-11D3-BF4B-00C04F79EFBC}") = "CarReportSystem", "CarReportSystem\CarReportSystem\CarReportSystem.csproj", "{0CDC89A7-AAE5-482C-89BD-F7BC6DBF94C2}"
EndProject
Project("{2150E333-8FDC-42A3-9474-1A3956D46DE8}") = "DesignPattern", "DesignPattern", "{B97037DD-7B05-4647-8B8E-F728ECC0F6D1}"
EndProject
Project("{FAE04EC0-301F-11D3-BF4B-00C04F79EFBC}") = "SingletonSample", "DesignPattern\SingletonSample\SingletonSample.csproj", "{889DB3BC-ECDE-4DBD-A615-D19684922B17}"
EndProject
Project("{2150E333-8FDC-42A3-9474-1A3956D46DE8}") = "Chapter17", "Chapter17", "{A2DBA308-D9D7-473E-B61E-019507415E8B}"
EndProject
Project("{FAE04EC0-301F-11D3-BF4B-00C04F79EFBC}") = "Seption01", "Chapter17\Seption01\Seption01.csproj", "{A302F00A-1552-42BB-9A9A-DF378677F6BD}"
EndProject
Project("{2150E333-8FDC-42A3-9474-1A3956D46DE8}") = "TemplateMethod", "TemplateMethod", "{A768AEAF-79BB-45DC-A570-2F0C8C08C2CE}"
EndProject
Project("{FAE04EC0-301F-11D3-BF4B-00C04F79EFBC}") = "TextFileProcessor", "Chapter17\TemplateMethod\TextFileProcessor\TextFileProcessor.csproj", "{53E45852-5E76-4D25-8331-A522D898490D}"
EndProject
Project("{FAE04EC0-301F-11D3-BF4B-00C04F79EFBC}") = "LineCounter", "Chapter17\TemplateMethod\LineCounter\LineCounter.csproj", "{283175E2-BD3B-4393-9B36-145923193AE2}"
EndProject
Project("{FAE04EC0-301F-11D3-BF4B-00C04F79EFBC}") = "Exercise1", "Chapter17\Exercise1\Exercise1\Exercise1.csproj", "{E1758275-B4CF-40AA-8B45-3CF938B3FF10}"
EndProject
Project("{2150E333-8FDC-42A3-9474-1A3956D46DE8}") = "Strategy", "Strategy", "{EA669E1C-6E41-4FAB-8765-4E13970849DE}"
EndProject
Project("{FAE04EC0-301F-11D3-BF4B-00C04F79EFBC}") = "DistanceConverter", "Chapter17\Strategy\DistanceConverter\DistanceConverter.csproj", "{74E77884-D1B5-423A-8408-C6447488F324}"
EndProject
Project("{2150E333-8FDC-42A3-9474-1A3956D46DE8}") = "ADONET", "ADONET", "{07D068B2-346A-4C88-88C7-51BE198692A2}"
EndProject
Project("{FAE04EC0-301F-11D3-BF4B-00C04F79EFBC}") = "DataBaseSample", "ADONET\DataBaseSample\DataBaseSample.csproj", "{3963D142-5BCC-477E-B99D-6B5C558ABE07}"
EndProject
Project("{FAE04EC0-301F-11D3-BF4B-00C04F79EFBC}") = "AddressBook", "ADONET\AddressBook\AddressBook.csproj", "{3984D861-3275-4FF0-9DE6-0C8B8C0E8E44}"
EndProject
Global
	GlobalSection(SolutionConfigurationPlatforms) = preSolution
		Debug|Any CPU = Debug|Any CPU
		Release|Any CPU = Release|Any CPU
	EndGlobalSection
	GlobalSection(ProjectConfigurationPlatforms) = postSolution
		{6397BC8D-58E6-4DBA-AAB1-BA1D7E49C24E}.Debug|Any CPU.ActiveCfg = Debug|Any CPU
		{6397BC8D-58E6-4DBA-AAB1-BA1D7E49C24E}.Debug|Any CPU.Build.0 = Debug|Any CPU
		{6397BC8D-58E6-4DBA-AAB1-BA1D7E49C24E}.Release|Any CPU.ActiveCfg = Release|Any CPU
		{6397BC8D-58E6-4DBA-AAB1-BA1D7E49C24E}.Release|Any CPU.Build.0 = Release|Any CPU
		{E474ABF5-68F3-493A-8788-D6D1F8BA7452}.Debug|Any CPU.ActiveCfg = Debug|Any CPU
		{E474ABF5-68F3-493A-8788-D6D1F8BA7452}.Debug|Any CPU.Build.0 = Debug|Any CPU
		{E474ABF5-68F3-493A-8788-D6D1F8BA7452}.Release|Any CPU.ActiveCfg = Release|Any CPU
		{E474ABF5-68F3-493A-8788-D6D1F8BA7452}.Release|Any CPU.Build.0 = Release|Any CPU
		{C7C0F95D-B09F-4E87-B134-B4C63CC5D097}.Debug|Any CPU.ActiveCfg = Debug|Any CPU
		{C7C0F95D-B09F-4E87-B134-B4C63CC5D097}.Debug|Any CPU.Build.0 = Debug|Any CPU
		{C7C0F95D-B09F-4E87-B134-B4C63CC5D097}.Release|Any CPU.ActiveCfg = Release|Any CPU
		{C7C0F95D-B09F-4E87-B134-B4C63CC5D097}.Release|Any CPU.Build.0 = Release|Any CPU
		{2E5F02A1-392D-4F4B-8EF8-11AFFF2376EB}.Debug|Any CPU.ActiveCfg = Debug|Any CPU
		{2E5F02A1-392D-4F4B-8EF8-11AFFF2376EB}.Debug|Any CPU.Build.0 = Debug|Any CPU
		{2E5F02A1-392D-4F4B-8EF8-11AFFF2376EB}.Release|Any CPU.ActiveCfg = Release|Any CPU
		{2E5F02A1-392D-4F4B-8EF8-11AFFF2376EB}.Release|Any CPU.Build.0 = Release|Any CPU
		{4766AF05-ECF1-4060-835A-8BE792DAB0F9}.Debug|Any CPU.ActiveCfg = Debug|Any CPU
		{4766AF05-ECF1-4060-835A-8BE792DAB0F9}.Debug|Any CPU.Build.0 = Debug|Any CPU
		{4766AF05-ECF1-4060-835A-8BE792DAB0F9}.Release|Any CPU.ActiveCfg = Release|Any CPU
		{4766AF05-ECF1-4060-835A-8BE792DAB0F9}.Release|Any CPU.Build.0 = Release|Any CPU
		{30050EC3-0BD2-47D2-9AD7-A3B71292EFFF}.Debug|Any CPU.ActiveCfg = Debug|Any CPU
		{30050EC3-0BD2-47D2-9AD7-A3B71292EFFF}.Debug|Any CPU.Build.0 = Debug|Any CPU
		{30050EC3-0BD2-47D2-9AD7-A3B71292EFFF}.Release|Any CPU.ActiveCfg = Release|Any CPU
		{30050EC3-0BD2-47D2-9AD7-A3B71292EFFF}.Release|Any CPU.Build.0 = Release|Any CPU
		{6C6E034F-48D8-49A2-9D49-003B709C5157}.Debug|Any CPU.ActiveCfg = Debug|Any CPU
		{6C6E034F-48D8-49A2-9D49-003B709C5157}.Debug|Any CPU.Build.0 = Debug|Any CPU
		{6C6E034F-48D8-49A2-9D49-003B709C5157}.Release|Any CPU.ActiveCfg = Release|Any CPU
		{6C6E034F-48D8-49A2-9D49-003B709C5157}.Release|Any CPU.Build.0 = Release|Any CPU
		{2FF69FBC-224E-4CE1-99F9-1AED58BA0C42}.Debug|Any CPU.ActiveCfg = Debug|Any CPU
		{2FF69FBC-224E-4CE1-99F9-1AED58BA0C42}.Debug|Any CPU.Build.0 = Debug|Any CPU
		{2FF69FBC-224E-4CE1-99F9-1AED58BA0C42}.Release|Any CPU.ActiveCfg = Release|Any CPU
		{2FF69FBC-224E-4CE1-99F9-1AED58BA0C42}.Release|Any CPU.Build.0 = Release|Any CPU
		{7F454D3E-76E1-4237-81BD-FC90B1358F84}.Debug|Any CPU.ActiveCfg = Debug|Any CPU
		{7F454D3E-76E1-4237-81BD-FC90B1358F84}.Debug|Any CPU.Build.0 = Debug|Any CPU
		{7F454D3E-76E1-4237-81BD-FC90B1358F84}.Release|Any CPU.ActiveCfg = Release|Any CPU
		{7F454D3E-76E1-4237-81BD-FC90B1358F84}.Release|Any CPU.Build.0 = Release|Any CPU
		{7F8BA252-5FE5-4EA9-A1D0-F04B3BB059B7}.Debug|Any CPU.ActiveCfg = Debug|Any CPU
		{7F8BA252-5FE5-4EA9-A1D0-F04B3BB059B7}.Debug|Any CPU.Build.0 = Debug|Any CPU
		{7F8BA252-5FE5-4EA9-A1D0-F04B3BB059B7}.Release|Any CPU.ActiveCfg = Release|Any CPU
		{7F8BA252-5FE5-4EA9-A1D0-F04B3BB059B7}.Release|Any CPU.Build.0 = Release|Any CPU
		{282CCA05-D93D-4E3A-BE2D-73DEB177745F}.Debug|Any CPU.ActiveCfg = Debug|Any CPU
		{282CCA05-D93D-4E3A-BE2D-73DEB177745F}.Debug|Any CPU.Build.0 = Debug|Any CPU
		{282CCA05-D93D-4E3A-BE2D-73DEB177745F}.Release|Any CPU.ActiveCfg = Release|Any CPU
		{282CCA05-D93D-4E3A-BE2D-73DEB177745F}.Release|Any CPU.Build.0 = Release|Any CPU
		{C952741C-7CE0-4231-BC2D-A00E56595DF8}.Debug|Any CPU.ActiveCfg = Debug|Any CPU
		{C952741C-7CE0-4231-BC2D-A00E56595DF8}.Debug|Any CPU.Build.0 = Debug|Any CPU
		{C952741C-7CE0-4231-BC2D-A00E56595DF8}.Release|Any CPU.ActiveCfg = Release|Any CPU
		{C952741C-7CE0-4231-BC2D-A00E56595DF8}.Release|Any CPU.Build.0 = Release|Any CPU
		{B49C108C-7F9A-4CA6-8344-2FAC3AB961F8}.Debug|Any CPU.ActiveCfg = Debug|Any CPU
		{B49C108C-7F9A-4CA6-8344-2FAC3AB961F8}.Debug|Any CPU.Build.0 = Debug|Any CPU
		{B49C108C-7F9A-4CA6-8344-2FAC3AB961F8}.Release|Any CPU.ActiveCfg = Release|Any CPU
		{B49C108C-7F9A-4CA6-8344-2FAC3AB961F8}.Release|Any CPU.Build.0 = Release|Any CPU
		{4F0E66BA-861D-42A9-A1F3-8B5DF89855D6}.Debug|Any CPU.ActiveCfg = Debug|Any CPU
		{4F0E66BA-861D-42A9-A1F3-8B5DF89855D6}.Debug|Any CPU.Build.0 = Debug|Any CPU
		{4F0E66BA-861D-42A9-A1F3-8B5DF89855D6}.Release|Any CPU.ActiveCfg = Release|Any CPU
		{4F0E66BA-861D-42A9-A1F3-8B5DF89855D6}.Release|Any CPU.Build.0 = Release|Any CPU
		{6C589706-1E74-498C-957D-2400A6E593AD}.Debug|Any CPU.ActiveCfg = Debug|Any CPU
		{6C589706-1E74-498C-957D-2400A6E593AD}.Debug|Any CPU.Build.0 = Debug|Any CPU
		{6C589706-1E74-498C-957D-2400A6E593AD}.Release|Any CPU.ActiveCfg = Release|Any CPU
		{6C589706-1E74-498C-957D-2400A6E593AD}.Release|Any CPU.Build.0 = Release|Any CPU
		{DB3A60A0-106E-497A-A353-D21BB630B063}.Debug|Any CPU.ActiveCfg = Debug|Any CPU
		{DB3A60A0-106E-497A-A353-D21BB630B063}.Debug|Any CPU.Build.0 = Debug|Any CPU
		{DB3A60A0-106E-497A-A353-D21BB630B063}.Release|Any CPU.ActiveCfg = Release|Any CPU
		{DB3A60A0-106E-497A-A353-D21BB630B063}.Release|Any CPU.Build.0 = Release|Any CPU
		{2905A487-2AEA-4C2F-B6C3-6548C8131B57}.Debug|Any CPU.ActiveCfg = Debug|Any CPU
		{2905A487-2AEA-4C2F-B6C3-6548C8131B57}.Debug|Any CPU.Build.0 = Debug|Any CPU
		{2905A487-2AEA-4C2F-B6C3-6548C8131B57}.Release|Any CPU.ActiveCfg = Release|Any CPU
		{2905A487-2AEA-4C2F-B6C3-6548C8131B57}.Release|Any CPU.Build.0 = Release|Any CPU
		{3EC14564-FA65-4967-B440-B561B10077F9}.Debug|Any CPU.ActiveCfg = Debug|Any CPU
		{3EC14564-FA65-4967-B440-B561B10077F9}.Debug|Any CPU.Build.0 = Debug|Any CPU
		{3EC14564-FA65-4967-B440-B561B10077F9}.Release|Any CPU.ActiveCfg = Release|Any CPU
		{3EC14564-FA65-4967-B440-B561B10077F9}.Release|Any CPU.Build.0 = Release|Any CPU
		{F64F2A41-0A0C-4D75-9ABF-D3DF8910A66B}.Debug|Any CPU.ActiveCfg = Debug|Any CPU
		{F64F2A41-0A0C-4D75-9ABF-D3DF8910A66B}.Debug|Any CPU.Build.0 = Debug|Any CPU
		{F64F2A41-0A0C-4D75-9ABF-D3DF8910A66B}.Release|Any CPU.ActiveCfg = Release|Any CPU
		{F64F2A41-0A0C-4D75-9ABF-D3DF8910A66B}.Release|Any CPU.Build.0 = Release|Any CPU
		{1CB5CB4F-1D8B-4871-BF9D-9AA5979D0C6F}.Debug|Any CPU.ActiveCfg = Debug|Any CPU
		{1CB5CB4F-1D8B-4871-BF9D-9AA5979D0C6F}.Debug|Any CPU.Build.0 = Debug|Any CPU
		{1CB5CB4F-1D8B-4871-BF9D-9AA5979D0C6F}.Release|Any CPU.ActiveCfg = Release|Any CPU
		{1CB5CB4F-1D8B-4871-BF9D-9AA5979D0C6F}.Release|Any CPU.Build.0 = Release|Any CPU
		{A7C2AB28-B499-4EA7-B1FF-4E36EEE15CD1}.Debug|Any CPU.ActiveCfg = Debug|Any CPU
		{A7C2AB28-B499-4EA7-B1FF-4E36EEE15CD1}.Debug|Any CPU.Build.0 = Debug|Any CPU
		{A7C2AB28-B499-4EA7-B1FF-4E36EEE15CD1}.Release|Any CPU.ActiveCfg = Release|Any CPU
		{A7C2AB28-B499-4EA7-B1FF-4E36EEE15CD1}.Release|Any CPU.Build.0 = Release|Any CPU
		{2BFACDC3-F44D-4199-8498-F5C3C4AC0335}.Debug|Any CPU.ActiveCfg = Debug|Any CPU
		{2BFACDC3-F44D-4199-8498-F5C3C4AC0335}.Debug|Any CPU.Build.0 = Debug|Any CPU
		{2BFACDC3-F44D-4199-8498-F5C3C4AC0335}.Release|Any CPU.ActiveCfg = Release|Any CPU
		{2BFACDC3-F44D-4199-8498-F5C3C4AC0335}.Release|Any CPU.Build.0 = Release|Any CPU
		{E461C0A8-8900-485C-B520-E929BA33F712}.Debug|Any CPU.ActiveCfg = Debug|Any CPU
		{E461C0A8-8900-485C-B520-E929BA33F712}.Debug|Any CPU.Build.0 = Debug|Any CPU
		{E461C0A8-8900-485C-B520-E929BA33F712}.Release|Any CPU.ActiveCfg = Release|Any CPU
		{E461C0A8-8900-485C-B520-E929BA33F712}.Release|Any CPU.Build.0 = Release|Any CPU
		{D905B400-A552-4AE5-B694-03D9DAF9DB9E}.Debug|Any CPU.ActiveCfg = Debug|Any CPU
		{D905B400-A552-4AE5-B694-03D9DAF9DB9E}.Debug|Any CPU.Build.0 = Debug|Any CPU
		{D905B400-A552-4AE5-B694-03D9DAF9DB9E}.Release|Any CPU.ActiveCfg = Release|Any CPU
		{D905B400-A552-4AE5-B694-03D9DAF9DB9E}.Release|Any CPU.Build.0 = Release|Any CPU
		{E50A24BB-6555-4B39-8F21-14D47E628067}.Debug|Any CPU.ActiveCfg = Debug|Any CPU
		{E50A24BB-6555-4B39-8F21-14D47E628067}.Debug|Any CPU.Build.0 = Debug|Any CPU
		{E50A24BB-6555-4B39-8F21-14D47E628067}.Release|Any CPU.ActiveCfg = Release|Any CPU
		{E50A24BB-6555-4B39-8F21-14D47E628067}.Release|Any CPU.Build.0 = Release|Any CPU
		{B0C2D874-1FBA-4C5A-8680-FBA4DFB70867}.Debug|Any CPU.ActiveCfg = Debug|Any CPU
		{B0C2D874-1FBA-4C5A-8680-FBA4DFB70867}.Debug|Any CPU.Build.0 = Debug|Any CPU
		{B0C2D874-1FBA-4C5A-8680-FBA4DFB70867}.Release|Any CPU.ActiveCfg = Release|Any CPU
		{B0C2D874-1FBA-4C5A-8680-FBA4DFB70867}.Release|Any CPU.Build.0 = Release|Any CPU
		{048036F5-A7B1-4B53-B861-7475E0F284E6}.Debug|Any CPU.ActiveCfg = Debug|Any CPU
		{048036F5-A7B1-4B53-B861-7475E0F284E6}.Debug|Any CPU.Build.0 = Debug|Any CPU
		{048036F5-A7B1-4B53-B861-7475E0F284E6}.Release|Any CPU.ActiveCfg = Release|Any CPU
		{048036F5-A7B1-4B53-B861-7475E0F284E6}.Release|Any CPU.Build.0 = Release|Any CPU
		{1E0615BE-FEA4-48C0-A200-E6BE771CFB8D}.Debug|Any CPU.ActiveCfg = Debug|Any CPU
		{1E0615BE-FEA4-48C0-A200-E6BE771CFB8D}.Debug|Any CPU.Build.0 = Debug|Any CPU
		{1E0615BE-FEA4-48C0-A200-E6BE771CFB8D}.Release|Any CPU.ActiveCfg = Release|Any CPU
		{1E0615BE-FEA4-48C0-A200-E6BE771CFB8D}.Release|Any CPU.Build.0 = Release|Any CPU
		{14A648E7-91CE-4C58-97BB-59C17D17A02A}.Debug|Any CPU.ActiveCfg = Debug|Any CPU
		{14A648E7-91CE-4C58-97BB-59C17D17A02A}.Debug|Any CPU.Build.0 = Debug|Any CPU
		{14A648E7-91CE-4C58-97BB-59C17D17A02A}.Release|Any CPU.ActiveCfg = Release|Any CPU
		{14A648E7-91CE-4C58-97BB-59C17D17A02A}.Release|Any CPU.Build.0 = Release|Any CPU
		{C23B1F39-605E-45FF-A8D6-9AF819912DA8}.Debug|Any CPU.ActiveCfg = Debug|Any CPU
		{C23B1F39-605E-45FF-A8D6-9AF819912DA8}.Debug|Any CPU.Build.0 = Debug|Any CPU
		{C23B1F39-605E-45FF-A8D6-9AF819912DA8}.Release|Any CPU.ActiveCfg = Release|Any CPU
		{C23B1F39-605E-45FF-A8D6-9AF819912DA8}.Release|Any CPU.Build.0 = Release|Any CPU
		{0CDC89A7-AAE5-482C-89BD-F7BC6DBF94C2}.Debug|Any CPU.ActiveCfg = Debug|Any CPU
		{0CDC89A7-AAE5-482C-89BD-F7BC6DBF94C2}.Debug|Any CPU.Build.0 = Debug|Any CPU
		{0CDC89A7-AAE5-482C-89BD-F7BC6DBF94C2}.Release|Any CPU.ActiveCfg = Release|Any CPU
		{0CDC89A7-AAE5-482C-89BD-F7BC6DBF94C2}.Release|Any CPU.Build.0 = Release|Any CPU
		{889DB3BC-ECDE-4DBD-A615-D19684922B17}.Debug|Any CPU.ActiveCfg = Debug|Any CPU
		{889DB3BC-ECDE-4DBD-A615-D19684922B17}.Debug|Any CPU.Build.0 = Debug|Any CPU
		{889DB3BC-ECDE-4DBD-A615-D19684922B17}.Release|Any CPU.ActiveCfg = Release|Any CPU
		{889DB3BC-ECDE-4DBD-A615-D19684922B17}.Release|Any CPU.Build.0 = Release|Any CPU
		{A302F00A-1552-42BB-9A9A-DF378677F6BD}.Debug|Any CPU.ActiveCfg = Debug|Any CPU
		{A302F00A-1552-42BB-9A9A-DF378677F6BD}.Debug|Any CPU.Build.0 = Debug|Any CPU
		{A302F00A-1552-42BB-9A9A-DF378677F6BD}.Release|Any CPU.ActiveCfg = Release|Any CPU
		{A302F00A-1552-42BB-9A9A-DF378677F6BD}.Release|Any CPU.Build.0 = Release|Any CPU
		{53E45852-5E76-4D25-8331-A522D898490D}.Debug|Any CPU.ActiveCfg = Debug|Any CPU
		{53E45852-5E76-4D25-8331-A522D898490D}.Debug|Any CPU.Build.0 = Debug|Any CPU
		{53E45852-5E76-4D25-8331-A522D898490D}.Release|Any CPU.ActiveCfg = Release|Any CPU
		{53E45852-5E76-4D25-8331-A522D898490D}.Release|Any CPU.Build.0 = Release|Any CPU
		{283175E2-BD3B-4393-9B36-145923193AE2}.Debug|Any CPU.ActiveCfg = Debug|Any CPU
		{283175E2-BD3B-4393-9B36-145923193AE2}.Debug|Any CPU.Build.0 = Debug|Any CPU
		{283175E2-BD3B-4393-9B36-145923193AE2}.Release|Any CPU.ActiveCfg = Release|Any CPU
		{283175E2-BD3B-4393-9B36-145923193AE2}.Release|Any CPU.Build.0 = Release|Any CPU
		{E1758275-B4CF-40AA-8B45-3CF938B3FF10}.Debug|Any CPU.ActiveCfg = Debug|Any CPU
		{E1758275-B4CF-40AA-8B45-3CF938B3FF10}.Debug|Any CPU.Build.0 = Debug|Any CPU
		{E1758275-B4CF-40AA-8B45-3CF938B3FF10}.Release|Any CPU.ActiveCfg = Release|Any CPU
		{E1758275-B4CF-40AA-8B45-3CF938B3FF10}.Release|Any CPU.Build.0 = Release|Any CPU
		{74E77884-D1B5-423A-8408-C6447488F324}.Debug|Any CPU.ActiveCfg = Debug|Any CPU
		{74E77884-D1B5-423A-8408-C6447488F324}.Debug|Any CPU.Build.0 = Debug|Any CPU
		{74E77884-D1B5-423A-8408-C6447488F324}.Release|Any CPU.ActiveCfg = Release|Any CPU
		{74E77884-D1B5-423A-8408-C6447488F324}.Release|Any CPU.Build.0 = Release|Any CPU
		{3963D142-5BCC-477E-B99D-6B5C558ABE07}.Debug|Any CPU.ActiveCfg = Debug|Any CPU
		{3963D142-5BCC-477E-B99D-6B5C558ABE07}.Debug|Any CPU.Build.0 = Debug|Any CPU
		{3963D142-5BCC-477E-B99D-6B5C558ABE07}.Release|Any CPU.ActiveCfg = Release|Any CPU
		{3963D142-5BCC-477E-B99D-6B5C558ABE07}.Release|Any CPU.Build.0 = Release|Any CPU
		{3984D861-3275-4FF0-9DE6-0C8B8C0E8E44}.Debug|Any CPU.ActiveCfg = Debug|Any CPU
		{3984D861-3275-4FF0-9DE6-0C8B8C0E8E44}.Debug|Any CPU.Build.0 = Debug|Any CPU
		{3984D861-3275-4FF0-9DE6-0C8B8C0E8E44}.Release|Any CPU.ActiveCfg = Release|Any CPU
		{3984D861-3275-4FF0-9DE6-0C8B8C0E8E44}.Release|Any CPU.Build.0 = Release|Any CPU
	EndGlobalSection
	GlobalSection(SolutionProperties) = preSolution
		HideSolutionNode = FALSE
	EndGlobalSection
	GlobalSection(NestedProjects) = preSolution
		{6397BC8D-58E6-4DBA-AAB1-BA1D7E49C24E} = {1200D032-69EF-4162-8670-E8CACA2FC444}
		{E474ABF5-68F3-493A-8788-D6D1F8BA7452} = {1200D032-69EF-4162-8670-E8CACA2FC444}
		{C7C0F95D-B09F-4E87-B134-B4C63CC5D097} = {1200D032-69EF-4162-8670-E8CACA2FC444}
		{2E5F02A1-392D-4F4B-8EF8-11AFFF2376EB} = {1200D032-69EF-4162-8670-E8CACA2FC444}
		{4766AF05-ECF1-4060-835A-8BE792DAB0F9} = {1200D032-69EF-4162-8670-E8CACA2FC444}
		{30050EC3-0BD2-47D2-9AD7-A3B71292EFFF} = {283F5081-55CA-4FDC-A4DE-6F1F29D33A56}
		{6C6E034F-48D8-49A2-9D49-003B709C5157} = {283F5081-55CA-4FDC-A4DE-6F1F29D33A56}
		{2FF69FBC-224E-4CE1-99F9-1AED58BA0C42} = {283F5081-55CA-4FDC-A4DE-6F1F29D33A56}
		{7F454D3E-76E1-4237-81BD-FC90B1358F84} = {283F5081-55CA-4FDC-A4DE-6F1F29D33A56}
		{7F8BA252-5FE5-4EA9-A1D0-F04B3BB059B7} = {3C59B493-3FDC-4DA4-A47E-2F5F1AB40EAB}
		{282CCA05-D93D-4E3A-BE2D-73DEB177745F} = {3C59B493-3FDC-4DA4-A47E-2F5F1AB40EAB}
		{C952741C-7CE0-4231-BC2D-A00E56595DF8} = {276A3333-95D9-4F86-862E-E918D0F1FD8B}
		{B49C108C-7F9A-4CA6-8344-2FAC3AB961F8} = {276A3333-95D9-4F86-862E-E918D0F1FD8B}
		{4F0E66BA-861D-42A9-A1F3-8B5DF89855D6} = {276A3333-95D9-4F86-862E-E918D0F1FD8B}
		{6C589706-1E74-498C-957D-2400A6E593AD} = {276A3333-95D9-4F86-862E-E918D0F1FD8B}
		{DB3A60A0-106E-497A-A353-D21BB630B063} = {B385C52B-1CB1-4073-A32A-A67D2DFAB056}
		{2905A487-2AEA-4C2F-B6C3-6548C8131B57} = {B385C52B-1CB1-4073-A32A-A67D2DFAB056}
		{3EC14564-FA65-4967-B440-B561B10077F9} = {B2DBFE73-AFD6-4815-B23F-1BE85EFA2042}
		{F64F2A41-0A0C-4D75-9ABF-D3DF8910A66B} = {B2DBFE73-AFD6-4815-B23F-1BE85EFA2042}
		{1CB5CB4F-1D8B-4871-BF9D-9AA5979D0C6F} = {B2DBFE73-AFD6-4815-B23F-1BE85EFA2042}
		{A7C2AB28-B499-4EA7-B1FF-4E36EEE15CD1} = {B2DBFE73-AFD6-4815-B23F-1BE85EFA2042}
		{2BFACDC3-F44D-4199-8498-F5C3C4AC0335} = {DE5D0F90-2A60-4279-8C4F-6735BB43A60C}
		{E461C0A8-8900-485C-B520-E929BA33F712} = {DE5D0F90-2A60-4279-8C4F-6735BB43A60C}
		{D905B400-A552-4AE5-B694-03D9DAF9DB9E} = {189E434B-1EA3-48DC-AE66-ADF87E2DC725}
		{E50A24BB-6555-4B39-8F21-14D47E628067} = {189E434B-1EA3-48DC-AE66-ADF87E2DC725}
		{B0C2D874-1FBA-4C5A-8680-FBA4DFB70867} = {189E434B-1EA3-48DC-AE66-ADF87E2DC725}
		{048036F5-A7B1-4B53-B861-7475E0F284E6} = {96634229-E036-4D91-BD1F-815BA7AD6E86}
		{1E0615BE-FEA4-48C0-A200-E6BE771CFB8D} = {96634229-E036-4D91-BD1F-815BA7AD6E86}
		{14A648E7-91CE-4C58-97BB-59C17D17A02A} = {96634229-E036-4D91-BD1F-815BA7AD6E86}
		{C23B1F39-605E-45FF-A8D6-9AF819912DA8} = {96634229-E036-4D91-BD1F-815BA7AD6E86}
		{0CDC89A7-AAE5-482C-89BD-F7BC6DBF94C2} = {117E2CCA-5473-4D44-9CF7-6FF4C58C55E1}
		{889DB3BC-ECDE-4DBD-A615-D19684922B17} = {B97037DD-7B05-4647-8B8E-F728ECC0F6D1}
		{A302F00A-1552-42BB-9A9A-DF378677F6BD} = {A2DBA308-D9D7-473E-B61E-019507415E8B}
		{A768AEAF-79BB-45DC-A570-2F0C8C08C2CE} = {A2DBA308-D9D7-473E-B61E-019507415E8B}
		{53E45852-5E76-4D25-8331-A522D898490D} = {A768AEAF-79BB-45DC-A570-2F0C8C08C2CE}
		{283175E2-BD3B-4393-9B36-145923193AE2} = {A768AEAF-79BB-45DC-A570-2F0C8C08C2CE}
		{E1758275-B4CF-40AA-8B45-3CF938B3FF10} = {A2DBA308-D9D7-473E-B61E-019507415E8B}
		{EA669E1C-6E41-4FAB-8765-4E13970849DE} = {A2DBA308-D9D7-473E-B61E-019507415E8B}
		{74E77884-D1B5-423A-8408-C6447488F324} = {EA669E1C-6E41-4FAB-8765-4E13970849DE}
		{3963D142-5BCC-477E-B99D-6B5C558ABE07} = {07D068B2-346A-4C88-88C7-51BE198692A2}
		{3984D861-3275-4FF0-9DE6-0C8B8C0E8E44} = {07D068B2-346A-4C88-88C7-51BE198692A2}
	EndGlobalSection
	GlobalSection(ExtensibilityGlobals) = postSolution
		SolutionGuid = {925936CD-680D-4B67-8447-22B0B7C31530}
	EndGlobalSection
EndGlobal
