
Microsoft Visual Studio Solution File, Format Version 12.00
# Visual Studio Version 16
VisualStudioVersion = 16.0.32228.343
MinimumVisualStudioVersion = 10.0.40219.1
Project("{2150E333-8FDC-42A3-9474-1A3956D46DE8}") = "Chapter02", "Chapter02", "{1200D032-69EF-4162-8670-E8CACA2FC444}"
EndProject
Project("{FAE04EC0-301F-11D3-BF4B-00C04F79EFBC}") = "DistanceConverter", "Chapter02\DistanceConverter\DistanceConverter.csproj", "{6397BC8D-58E6-4DBA-AAB1-BA1D7E49C24E}"
EndProject
Project("{FAE04EC0-301F-11D3-BF4B-00C04F79EFBC}") = "SalesCalculator", "Chapter02\SalesCalculator\SalesCalculator.csproj", "{E474ABF5-68F3-493A-8788-D6D1F8BA7452}"
EndProject
Project("{FAE04EC0-301F-11D3-BF4B-00C04F79EFBC}") = "Exercise", "Chapter02\Exercise\Exercise.csproj", "{C7C0F95D-B09F-4E87-B134-B4C63CC5D097}"
EndProject
Project("{FAE04EC0-301F-11D3-BF4B-00C04F79EFBC}") = "Exercise02", "Chapter02\Exercise02\Exercise02.csproj", "{2E5F02A1-392D-4F4B-8EF8-11AFFF2376EB}"
EndProject
Project("{FAE04EC0-301F-11D3-BF4B-00C04F79EFBC}") = "Exercise03", "Chapter02\Exercise03\Exercise03.csproj", "{4766AF05-ECF1-4060-835A-8BE792DAB0F9}"
EndProject
Project("{2150E333-8FDC-42A3-9474-1A3956D46DE8}") = "Chapter03", "Chapter03", "{283F5081-55CA-4FDC-A4DE-6F1F29D33A56}"
EndProject
Project("{FAE04EC0-301F-11D3-BF4B-00C04F79EFBC}") = "Section01", "Chapter03\Section01\Section01.csproj", "{30050EC3-0BD2-47D2-9AD7-A3B71292EFFF}"
EndProject
Project("{FAE04EC0-301F-11D3-BF4B-00C04F79EFBC}") = "Exercise01", "Chapter03\Exercise01\Exercise01.csproj", "{6C6E034F-48D8-49A2-9D49-003B709C5157}"
EndProject
Project("{FAE04EC0-301F-11D3-BF4B-00C04F79EFBC}") = "Section04", "Chapter03\Section04\Section04.csproj", "{2FF69FBC-224E-4CE1-99F9-1AED58BA0C42}"
EndProject
Project("{FAE04EC0-301F-11D3-BF4B-00C04F79EFBC}") = "Exercise02", "Chapter03\Exercise02\Exercise02.csproj", "{7F454D3E-76E1-4237-81BD-FC90B1358F84}"
EndProject
Project("{2150E333-8FDC-42A3-9474-1A3956D46DE8}") = "Chapter04", "Chapter04", "{3C59B493-3FDC-4DA4-A47E-2F5F1AB40EAB}"
EndProject
Project("{FAE04EC0-301F-11D3-BF4B-00C04F79EFBC}") = "Exercise01", "Chapter04\Exercise01\Exercise01.csproj", "{7F8BA252-5FE5-4EA9-A1D0-F04B3BB059B7}"
EndProject
Project("{FAE04EC0-301F-11D3-BF4B-00C04F79EFBC}") = "Exercise02", "Chapter04\Exercise02\Exercise02.csproj", "{282CCA05-D93D-4E3A-BE2D-73DEB177745F}"
EndProject
Project("{2150E333-8FDC-42A3-9474-1A3956D46DE8}") = "Chapter05", "Chapter05", "{276A3333-95D9-4F86-862E-E918D0F1FD8B}"
EndProject
Project("{FAE04EC0-301F-11D3-BF4B-00C04F79EFBC}") = "Exercise01", "Chapter05\Exercise01\Exercise01.csproj", "{C952741C-7CE0-4231-BC2D-A00E56595DF8}"
EndProject
Project("{FAE04EC0-301F-11D3-BF4B-00C04F79EFBC}") = "Exercise02", "Chapter05\Exercise02\Exercise02.csproj", "{B49C108C-7F9A-4CA6-8344-2FAC3AB961F8}"
EndProject
Project("{FAE04EC0-301F-11D3-BF4B-00C04F79EFBC}") = "Exercise03", "Chapter05\Exercise03\Exercise03.csproj", "{4F0E66BA-861D-42A9-A1F3-8B5DF89855D6}"
EndProject
Project("{FAE04EC0-301F-11D3-BF4B-00C04F79EFBC}") = "Exercise04", "Chapter05\Exercise04\Exercise04.csproj", "{6C589706-1E74-498C-957D-2400A6E593AD}"
EndProject
Project("{2150E333-8FDC-42A3-9474-1A3956D46DE8}") = "Chapter06", "Chapter06", "{B385C52B-1CB1-4073-A32A-A67D2DFAB056}"
EndProject
Project("{FAE04EC0-301F-11D3-BF4B-00C04F79EFBC}") = "Exercise01", "Chapter06\Exercise01\Exercise01.csproj", "{DB3A60A0-106E-497A-A353-D21BB630B063}"
EndProject
Project("{FAE04EC0-301F-11D3-BF4B-00C04F79EFBC}") = "Exercise02", "Chapter06\Exercise02\Exercise02.csproj", "{2905A487-2AEA-4C2F-B6C3-6548C8131B57}"
EndProject
Project("{2150E333-8FDC-42A3-9474-1A3956D46DE8}") = "FormAppSample", "FormAppSample", "{B2DBFE73-AFD6-4815-B23F-1BE85EFA2042}"
EndProject
Project("{FAE04EC0-301F-11D3-BF4B-00C04F79EFBC}") = "Sample0603", "FormAppSample\Sample0603\Sample0603.csproj", "{3EC14564-FA65-4967-B440-B561B10077F9}"
EndProject
Project("{FAE04EC0-301F-11D3-BF4B-00C04F79EFBC}") = "Sample0607", "FormAppSample\Sample0607\Sample0607.csproj", "{F64F2A41-0A0C-4D75-9ABF-D3DF8910A66B}"
EndProject
Project("{FAE04EC0-301F-11D3-BF4B-00C04F79EFBC}") = "NumberGame", "FormAppSample\NumberGame\NumberGame.csproj", "{1CB5CB4F-1D8B-4871-BF9D-9AA5979D0C6F}"
EndProject
Project("{FAE04EC0-301F-11D3-BF4B-00C04F79EFBC}") = "AddressBook", "FormAppSample\AddressBook\AddressBook.csproj", "{A7C2AB28-B499-4EA7-B1FF-4E36EEE15CD1}"
EndProject
Project("{2150E333-8FDC-42A3-9474-1A3956D46DE8}") = "Test202206", "Test202206", "{DE5D0F90-2A60-4279-8C4F-6735BB43A60C}"
EndProject
Project("{FAE04EC0-301F-11D3-BF4B-00C04F79EFBC}") = "Test01", "Test202206\TestProject\Test01\Test01.csproj", "{2BFACDC3-F44D-4199-8498-F5C3C4AC0335}"
EndProject
Project("{FAE04EC0-301F-11D3-BF4B-00C04F79EFBC}") = "Test02", "Test202206\TestProject\Test02\Test02.csproj", "{E461C0A8-8900-485C-B520-E929BA33F712}"
EndProject
Project("{2150E333-8FDC-42A3-9474-1A3956D46DE8}") = "Chapter11", "Chapter11", "{189E434B-1EA3-48DC-AE66-ADF87E2DC725}"
EndProject
Project("{FAE04EC0-301F-11D3-BF4B-00C04F79EFBC}") = "XmlSample", "Chapter11\XmlSample\XmlSample.csproj", "{D905B400-A552-4AE5-B694-03D9DAF9DB9E}"
EndProject
Global
	GlobalSection(SolutionConfigurationPlatforms) = preSolution
		Debug|Any CPU = Debug|Any CPU
		Release|Any CPU = Release|Any CPU
	EndGlobalSection
	GlobalSection(ProjectConfigurationPlatforms) = postSolution
		{6397BC8D-58E6-4DBA-AAB1-BA1D7E49C24E}.Debug|Any CPU.ActiveCfg = Debug|Any CPU
		{6397BC8D-58E6-4DBA-AAB1-BA1D7E49C24E}.Debug|Any CPU.Build.0 = Debug|Any CPU
		{6397BC8D-58E6-4DBA-AAB1-BA1D7E49C24E}.Release|Any CPU.ActiveCfg = Release|Any CPU
		{6397BC8D-58E6-4DBA-AAB1-BA1D7E49C24E}.Release|Any CPU.Build.0 = Release|Any CPU
		{E474ABF5-68F3-493A-8788-D6D1F8BA7452}.Debug|Any CPU.ActiveCfg = Debug|Any CPU
		{E474ABF5-68F3-493A-8788-D6D1F8BA7452}.Debug|Any CPU.Build.0 = Debug|Any CPU
		{E474ABF5-68F3-493A-8788-D6D1F8BA7452}.Release|Any CPU.ActiveCfg = Release|Any CPU
		{E474ABF5-68F3-493A-8788-D6D1F8BA7452}.Release|Any CPU.Build.0 = Release|Any CPU
		{C7C0F95D-B09F-4E87-B134-B4C63CC5D097}.Debug|Any CPU.ActiveCfg = Debug|Any CPU
		{C7C0F95D-B09F-4E87-B134-B4C63CC5D097}.Debug|Any CPU.Build.0 = Debug|Any CPU
		{C7C0F95D-B09F-4E87-B134-B4C63CC5D097}.Release|Any CPU.ActiveCfg = Release|Any CPU
		{C7C0F95D-B09F-4E87-B134-B4C63CC5D097}.Release|Any CPU.Build.0 = Release|Any CPU
		{2E5F02A1-392D-4F4B-8EF8-11AFFF2376EB}.Debug|Any CPU.ActiveCfg = Debug|Any CPU
		{2E5F02A1-392D-4F4B-8EF8-11AFFF2376EB}.Debug|Any CPU.Build.0 = Debug|Any CPU
		{2E5F02A1-392D-4F4B-8EF8-11AFFF2376EB}.Release|Any CPU.ActiveCfg = Release|Any CPU
		{2E5F02A1-392D-4F4B-8EF8-11AFFF2376EB}.Release|Any CPU.Build.0 = Release|Any CPU
		{4766AF05-ECF1-4060-835A-8BE792DAB0F9}.Debug|Any CPU.ActiveCfg = Debug|Any CPU
		{4766AF05-ECF1-4060-835A-8BE792DAB0F9}.Debug|Any CPU.Build.0 = Debug|Any CPU
		{4766AF05-ECF1-4060-835A-8BE792DAB0F9}.Release|Any CPU.ActiveCfg = Release|Any CPU
		{4766AF05-ECF1-4060-835A-8BE792DAB0F9}.Release|Any CPU.Build.0 = Release|Any CPU
		{30050EC3-0BD2-47D2-9AD7-A3B71292EFFF}.Debug|Any CPU.ActiveCfg = Debug|Any CPU
		{30050EC3-0BD2-47D2-9AD7-A3B71292EFFF}.Debug|Any CPU.Build.0 = Debug|Any CPU
		{30050EC3-0BD2-47D2-9AD7-A3B71292EFFF}.Release|Any CPU.ActiveCfg = Release|Any CPU
		{30050EC3-0BD2-47D2-9AD7-A3B71292EFFF}.Release|Any CPU.Build.0 = Release|Any CPU
		{6C6E034F-48D8-49A2-9D49-003B709C5157}.Debug|Any CPU.ActiveCfg = Debug|Any CPU
		{6C6E034F-48D8-49A2-9D49-003B709C5157}.Debug|Any CPU.Build.0 = Debug|Any CPU
		{6C6E034F-48D8-49A2-9D49-003B709C5157}.Release|Any CPU.ActiveCfg = Release|Any CPU
		{6C6E034F-48D8-49A2-9D49-003B709C5157}.Release|Any CPU.Build.0 = Release|Any CPU
		{2FF69FBC-224E-4CE1-99F9-1AED58BA0C42}.Debug|Any CPU.ActiveCfg = Debug|Any CPU
		{2FF69FBC-224E-4CE1-99F9-1AED58BA0C42}.Debug|Any CPU.Build.0 = Debug|Any CPU
		{2FF69FBC-224E-4CE1-99F9-1AED58BA0C42}.Release|Any CPU.ActiveCfg = Release|Any CPU
		{2FF69FBC-224E-4CE1-99F9-1AED58BA0C42}.Release|Any CPU.Build.0 = Release|Any CPU
		{7F454D3E-76E1-4237-81BD-FC90B1358F84}.Debug|Any CPU.ActiveCfg = Debug|Any CPU
		{7F454D3E-76E1-4237-81BD-FC90B1358F84}.Debug|Any CPU.Build.0 = Debug|Any CPU
		{7F454D3E-76E1-4237-81BD-FC90B1358F84}.Release|Any CPU.ActiveCfg = Release|Any CPU
		{7F454D3E-76E1-4237-81BD-FC90B1358F84}.Release|Any CPU.Build.0 = Release|Any CPU
		{7F8BA252-5FE5-4EA9-A1D0-F04B3BB059B7}.Debug|Any CPU.ActiveCfg = Debug|Any CPU
		{7F8BA252-5FE5-4EA9-A1D0-F04B3BB059B7}.Debug|Any CPU.Build.0 = Debug|Any CPU
		{7F8BA252-5FE5-4EA9-A1D0-F04B3BB059B7}.Release|Any CPU.ActiveCfg = Release|Any CPU
		{7F8BA252-5FE5-4EA9-A1D0-F04B3BB059B7}.Release|Any CPU.Build.0 = Release|Any CPU
		{282CCA05-D93D-4E3A-BE2D-73DEB177745F}.Debug|Any CPU.ActiveCfg = Debug|Any CPU
		{282CCA05-D93D-4E3A-BE2D-73DEB177745F}.Debug|Any CPU.Build.0 = Debug|Any CPU
		{282CCA05-D93D-4E3A-BE2D-73DEB177745F}.Release|Any CPU.ActiveCfg = Release|Any CPU
		{282CCA05-D93D-4E3A-BE2D-73DEB177745F}.Release|Any CPU.Build.0 = Release|Any CPU
		{C952741C-7CE0-4231-BC2D-A00E56595DF8}.Debug|Any CPU.ActiveCfg = Debug|Any CPU
		{C952741C-7CE0-4231-BC2D-A00E56595DF8}.Debug|Any CPU.Build.0 = Debug|Any CPU
		{C952741C-7CE0-4231-BC2D-A00E56595DF8}.Release|Any CPU.ActiveCfg = Release|Any CPU
		{C952741C-7CE0-4231-BC2D-A00E56595DF8}.Release|Any CPU.Build.0 = Release|Any CPU
		{B49C108C-7F9A-4CA6-8344-2FAC3AB961F8}.Debug|Any CPU.ActiveCfg = Debug|Any CPU
		{B49C108C-7F9A-4CA6-8344-2FAC3AB961F8}.Debug|Any CPU.Build.0 = Debug|Any CPU
		{B49C108C-7F9A-4CA6-8344-2FAC3AB961F8}.Release|Any CPU.ActiveCfg = Release|Any CPU
		{B49C108C-7F9A-4CA6-8344-2FAC3AB961F8}.Release|Any CPU.Build.0 = Release|Any CPU
		{4F0E66BA-861D-42A9-A1F3-8B5DF89855D6}.Debug|Any CPU.ActiveCfg = Debug|Any CPU
		{4F0E66BA-861D-42A9-A1F3-8B5DF89855D6}.Debug|Any CPU.Build.0 = Debug|Any CPU
		{4F0E66BA-861D-42A9-A1F3-8B5DF89855D6}.Release|Any CPU.ActiveCfg = Release|Any CPU
		{4F0E66BA-861D-42A9-A1F3-8B5DF89855D6}.Release|Any CPU.Build.0 = Release|Any CPU
		{6C589706-1E74-498C-957D-2400A6E593AD}.Debug|Any CPU.ActiveCfg = Debug|Any CPU
		{6C589706-1E74-498C-957D-2400A6E593AD}.Debug|Any CPU.Build.0 = Debug|Any CPU
		{6C589706-1E74-498C-957D-2400A6E593AD}.Release|Any CPU.ActiveCfg = Release|Any CPU
		{6C589706-1E74-498C-957D-2400A6E593AD}.Release|Any CPU.Build.0 = Release|Any CPU
		{DB3A60A0-106E-497A-A353-D21BB630B063}.Debug|Any CPU.ActiveCfg = Debug|Any CPU
		{DB3A60A0-106E-497A-A353-D21BB630B063}.Debug|Any CPU.Build.0 = Debug|Any CPU
		{DB3A60A0-106E-497A-A353-D21BB630B063}.Release|Any CPU.ActiveCfg = Release|Any CPU
		{DB3A60A0-106E-497A-A353-D21BB630B063}.Release|Any CPU.Build.0 = Release|Any CPU
		{2905A487-2AEA-4C2F-B6C3-6548C8131B57}.Debug|Any CPU.ActiveCfg = Debug|Any CPU
		{2905A487-2AEA-4C2F-B6C3-6548C8131B57}.Debug|Any CPU.Build.0 = Debug|Any CPU
		{2905A487-2AEA-4C2F-B6C3-6548C8131B57}.Release|Any CPU.ActiveCfg = Release|Any CPU
		{2905A487-2AEA-4C2F-B6C3-6548C8131B57}.Release|Any CPU.Build.0 = Release|Any CPU
		{3EC14564-FA65-4967-B440-B561B10077F9}.Debug|Any CPU.ActiveCfg = Debug|Any CPU
		{3EC14564-FA65-4967-B440-B561B10077F9}.Debug|Any CPU.Build.0 = Debug|Any CPU
		{3EC14564-FA65-4967-B440-B561B10077F9}.Release|Any CPU.ActiveCfg = Release|Any CPU
		{3EC14564-FA65-4967-B440-B561B10077F9}.Release|Any CPU.Build.0 = Release|Any CPU
		{F64F2A41-0A0C-4D75-9ABF-D3DF8910A66B}.Debug|Any CPU.ActiveCfg = Debug|Any CPU
		{F64F2A41-0A0C-4D75-9ABF-D3DF8910A66B}.Debug|Any CPU.Build.0 = Debug|Any CPU
		{F64F2A41-0A0C-4D75-9ABF-D3DF8910A66B}.Release|Any CPU.ActiveCfg = Release|Any CPU
		{F64F2A41-0A0C-4D75-9ABF-D3DF8910A66B}.Release|Any CPU.Build.0 = Release|Any CPU
		{1CB5CB4F-1D8B-4871-BF9D-9AA5979D0C6F}.Debug|Any CPU.ActiveCfg = Debug|Any CPU
		{1CB5CB4F-1D8B-4871-BF9D-9AA5979D0C6F}.Debug|Any CPU.Build.0 = Debug|Any CPU
		{1CB5CB4F-1D8B-4871-BF9D-9AA5979D0C6F}.Release|Any CPU.ActiveCfg = Release|Any CPU
		{1CB5CB4F-1D8B-4871-BF9D-9AA5979D0C6F}.Release|Any CPU.Build.0 = Release|Any CPU
		{A7C2AB28-B499-4EA7-B1FF-4E36EEE15CD1}.Debug|Any CPU.ActiveCfg = Debug|Any CPU
		{A7C2AB28-B499-4EA7-B1FF-4E36EEE15CD1}.Debug|Any CPU.Build.0 = Debug|Any CPU
		{A7C2AB28-B499-4EA7-B1FF-4E36EEE15CD1}.Release|Any CPU.ActiveCfg = Release|Any CPU
		{A7C2AB28-B499-4EA7-B1FF-4E36EEE15CD1}.Release|Any CPU.Build.0 = Release|Any CPU
		{2BFACDC3-F44D-4199-8498-F5C3C4AC0335}.Debug|Any CPU.ActiveCfg = Debug|Any CPU
		{2BFACDC3-F44D-4199-8498-F5C3C4AC0335}.Debug|Any CPU.Build.0 = Debug|Any CPU
		{2BFACDC3-F44D-4199-8498-F5C3C4AC0335}.Release|Any CPU.ActiveCfg = Release|Any CPU
		{2BFACDC3-F44D-4199-8498-F5C3C4AC0335}.Release|Any CPU.Build.0 = Release|Any CPU
		{E461C0A8-8900-485C-B520-E929BA33F712}.Debug|Any CPU.ActiveCfg = Debug|Any CPU
		{E461C0A8-8900-485C-B520-E929BA33F712}.Debug|Any CPU.Build.0 = Debug|Any CPU
		{E461C0A8-8900-485C-B520-E929BA33F712}.Release|Any CPU.ActiveCfg = Release|Any CPU
		{E461C0A8-8900-485C-B520-E929BA33F712}.Release|Any CPU.Build.0 = Release|Any CPU
		{D905B400-A552-4AE5-B694-03D9DAF9DB9E}.Debug|Any CPU.ActiveCfg = Debug|Any CPU
		{D905B400-A552-4AE5-B694-03D9DAF9DB9E}.Debug|Any CPU.Build.0 = Debug|Any CPU
		{D905B400-A552-4AE5-B694-03D9DAF9DB9E}.Release|Any CPU.ActiveCfg = Release|Any CPU
		{D905B400-A552-4AE5-B694-03D9DAF9DB9E}.Release|Any CPU.Build.0 = Release|Any CPU
	EndGlobalSection
	GlobalSection(SolutionProperties) = preSolution
		HideSolutionNode = FALSE
	EndGlobalSection
	GlobalSection(NestedProjects) = preSolution
		{6397BC8D-58E6-4DBA-AAB1-BA1D7E49C24E} = {1200D032-69EF-4162-8670-E8CACA2FC444}
		{E474ABF5-68F3-493A-8788-D6D1F8BA7452} = {1200D032-69EF-4162-8670-E8CACA2FC444}
		{C7C0F95D-B09F-4E87-B134-B4C63CC5D097} = {1200D032-69EF-4162-8670-E8CACA2FC444}
		{2E5F02A1-392D-4F4B-8EF8-11AFFF2376EB} = {1200D032-69EF-4162-8670-E8CACA2FC444}
		{4766AF05-ECF1-4060-835A-8BE792DAB0F9} = {1200D032-69EF-4162-8670-E8CACA2FC444}
		{30050EC3-0BD2-47D2-9AD7-A3B71292EFFF} = {283F5081-55CA-4FDC-A4DE-6F1F29D33A56}
		{6C6E034F-48D8-49A2-9D49-003B709C5157} = {283F5081-55CA-4FDC-A4DE-6F1F29D33A56}
		{2FF69FBC-224E-4CE1-99F9-1AED58BA0C42} = {283F5081-55CA-4FDC-A4DE-6F1F29D33A56}
		{7F454D3E-76E1-4237-81BD-FC90B1358F84} = {283F5081-55CA-4FDC-A4DE-6F1F29D33A56}
		{7F8BA252-5FE5-4EA9-A1D0-F04B3BB059B7} = {3C59B493-3FDC-4DA4-A47E-2F5F1AB40EAB}
		{282CCA05-D93D-4E3A-BE2D-73DEB177745F} = {3C59B493-3FDC-4DA4-A47E-2F5F1AB40EAB}
		{C952741C-7CE0-4231-BC2D-A00E56595DF8} = {276A3333-95D9-4F86-862E-E918D0F1FD8B}
		{B49C108C-7F9A-4CA6-8344-2FAC3AB961F8} = {276A3333-95D9-4F86-862E-E918D0F1FD8B}
		{4F0E66BA-861D-42A9-A1F3-8B5DF89855D6} = {276A3333-95D9-4F86-862E-E918D0F1FD8B}
		{6C589706-1E74-498C-957D-2400A6E593AD} = {276A3333-95D9-4F86-862E-E918D0F1FD8B}
		{DB3A60A0-106E-497A-A353-D21BB630B063} = {B385C52B-1CB1-4073-A32A-A67D2DFAB056}
		{2905A487-2AEA-4C2F-B6C3-6548C8131B57} = {B385C52B-1CB1-4073-A32A-A67D2DFAB056}
		{3EC14564-FA65-4967-B440-B561B10077F9} = {B2DBFE73-AFD6-4815-B23F-1BE85EFA2042}
		{F64F2A41-0A0C-4D75-9ABF-D3DF8910A66B} = {B2DBFE73-AFD6-4815-B23F-1BE85EFA2042}
		{1CB5CB4F-1D8B-4871-BF9D-9AA5979D0C6F} = {B2DBFE73-AFD6-4815-B23F-1BE85EFA2042}
		{A7C2AB28-B499-4EA7-B1FF-4E36EEE15CD1} = {B2DBFE73-AFD6-4815-B23F-1BE85EFA2042}
		{2BFACDC3-F44D-4199-8498-F5C3C4AC0335} = {DE5D0F90-2A60-4279-8C4F-6735BB43A60C}
		{E461C0A8-8900-485C-B520-E929BA33F712} = {DE5D0F90-2A60-4279-8C4F-6735BB43A60C}
		{D905B400-A552-4AE5-B694-03D9DAF9DB9E} = {189E434B-1EA3-48DC-AE66-ADF87E2DC725}
	EndGlobalSection
	GlobalSection(ExtensibilityGlobals) = postSolution
		SolutionGuid = {925936CD-680D-4B67-8447-22B0B7C31530}
	EndGlobalSection
EndGlobal
